
Microsoft Visual Studio Solution File, Format Version 12.00
# Visual Studio Version 16
VisualStudioVersion = 16.0.30717.126
MinimumVisualStudioVersion = 10.0.40219.1
Project("{2150E333-8FDC-42A3-9474-1A3956D46DE8}") = "Platforms", "Platforms", "{8FFBD903-F6BD-40F7-AF1C-6A884EA6F4BE}"
EndProject
Project("{FAE04EC0-301F-11D3-BF4B-00C04F79EFBC}") = "ShoppingListUno.Droid", "ShoppingListUno.Droid\ShoppingListUno.Droid.csproj", "{67149923-69A4-4A44-B2AF-33DEE3E33214}"
EndProject
Project("{FAE04EC0-301F-11D3-BF4B-00C04F79EFBC}") = "ShoppingListUno.iOS", "ShoppingListUno.iOS\ShoppingListUno.iOS.csproj", "{0050E77B-3AA4-447C-A505-C43A8AA7F4D5}"
EndProject
Project("{FAE04EC0-301F-11D3-BF4B-00C04F79EFBC}") = "ShoppingListUno.UWP", "ShoppingListUno.UWP\ShoppingListUno.UWP.csproj", "{EDA7CEBB-5C8E-46C0-A45A-327E684F8BDB}"
EndProject
Project("{9A19103F-16F7-4668-BE54-9A1E7A4F7556}") = "ShoppingListUno.Wasm", "ShoppingListUno.Wasm\ShoppingListUno.Wasm.csproj", "{513471FD-C7BE-4CDF-B458-621CB3C5ECF1}"
EndProject
Project("{FAE04EC0-301F-11D3-BF4B-00C04F79EFBC}") = "ShoppingListUno.macOS", "ShoppingListUno.macOS\ShoppingListUno.macOS.csproj", "{B303FC37-BE26-42DD-BFAE-FE4391912973}"
EndProject
Project("{9A19103F-16F7-4668-BE54-9A1E7A4F7556}") = "ShoppingListUno.Skia.Wpf.Host", "ShoppingListUno.Skia.Wpf.Host\ShoppingListUno.Skia.Wpf.Host.csproj", "{DF3DE3B5-B30D-4451-8CDC-C2B026B90CE5}"
EndProject
Project("{9A19103F-16F7-4668-BE54-9A1E7A4F7556}") = "ShoppingListUno.Skia.Wpf", "ShoppingListUno.Skia.Wpf\ShoppingListUno.Skia.Wpf.csproj", "{266B0067-49EB-4134-8E01-618B79A5254E}"
EndProject
Project("{9A19103F-16F7-4668-BE54-9A1E7A4F7556}") = "ShoppingListUno.Skia.Gtk", "ShoppingListUno.Skia.Gtk\ShoppingListUno.Skia.Gtk.csproj", "{9ECCE271-ED2B-4DE3-B6D1-A546914B4444}"
EndProject
Project("{9A19103F-16F7-4668-BE54-9A1E7A4F7556}") = "ShoppingListUno.Skia.Tizen", "ShoppingListUno.Skia.Tizen\ShoppingListUno.Skia.Tizen.csproj", "{40628A73-754B-4780-827B-B4D76FCAC7E2}"
EndProject
Project("{D954291E-2A0B-460D-934E-DC6B0785DB48}") = "ShoppingListUno.Shared", "ShoppingListUno.Shared\ShoppingListUno.Shared.shproj", "{6279C845-92F8-4333-AB99-3D213163593C}"
EndProject
Global
	GlobalSection(SharedMSBuildProjectFiles) = preSolution
		ShoppingListUno.Shared\ShoppingListUno.Shared.projitems*{0050e77b-3aa4-447c-a505-c43a8aa7f4d5}*SharedItemsImports = 4
		ShoppingListUno.Shared\ShoppingListUno.Shared.projitems*{266b0067-49eb-4134-8e01-618b79a5254e}*SharedItemsImports = 5
		ShoppingListUno.Shared\ShoppingListUno.Shared.projitems*{40628a73-754b-4780-827b-b4d76fcac7e2}*SharedItemsImports = 5
		ShoppingListUno.Shared\ShoppingListUno.Shared.projitems*{513471fd-c7be-4cdf-b458-621cb3c5ecf1}*SharedItemsImports = 5
		ShoppingListUno.Shared\ShoppingListUno.Shared.projitems*{6279c845-92f8-4333-ab99-3d213163593c}*SharedItemsImports = 13
		ShoppingListUno.Shared\ShoppingListUno.Shared.projitems*{67149923-69a4-4a44-b2af-33dee3e33214}*SharedItemsImports = 4
		ShoppingListUno.Shared\ShoppingListUno.Shared.projitems*{9ecce271-ed2b-4de3-b6d1-a546914b4444}*SharedItemsImports = 5
		ShoppingListUno.Shared\ShoppingListUno.Shared.projitems*{b303fc37-be26-42dd-bfae-fe4391912973}*SharedItemsImports = 4
		ShoppingListUno.Shared\ShoppingListUno.Shared.projitems*{eda7cebb-5c8e-46c0-a45a-327e684f8bdb}*SharedItemsImports = 4
	EndGlobalSection
	GlobalSection(SolutionConfigurationPlatforms) = preSolution
		Ad-Hoc|Any CPU = Ad-Hoc|Any CPU
		Ad-Hoc|ARM = Ad-Hoc|ARM
		Ad-Hoc|ARM64 = Ad-Hoc|ARM64
		Ad-Hoc|iPhone = Ad-Hoc|iPhone
		Ad-Hoc|iPhoneSimulator = Ad-Hoc|iPhoneSimulator
		Ad-Hoc|x64 = Ad-Hoc|x64
		Ad-Hoc|x86 = Ad-Hoc|x86
		AppStore|Any CPU = AppStore|Any CPU
		AppStore|ARM = AppStore|ARM
		AppStore|ARM64 = AppStore|ARM64
		AppStore|iPhone = AppStore|iPhone
		AppStore|iPhoneSimulator = AppStore|iPhoneSimulator
		AppStore|x64 = AppStore|x64
		AppStore|x86 = AppStore|x86
		Debug|Any CPU = Debug|Any CPU
		Debug|ARM = Debug|ARM
		Debug|ARM64 = Debug|ARM64
		Debug|iPhone = Debug|iPhone
		Debug|iPhoneSimulator = Debug|iPhoneSimulator
		Debug|x64 = Debug|x64
		Debug|x86 = Debug|x86
		Release|Any CPU = Release|Any CPU
		Release|ARM = Release|ARM
		Release|ARM64 = Release|ARM64
		Release|iPhone = Release|iPhone
		Release|iPhoneSimulator = Release|iPhoneSimulator
		Release|x64 = Release|x64
		Release|x86 = Release|x86
	EndGlobalSection
	GlobalSection(ProjectConfigurationPlatforms) = postSolution
		{67149923-69A4-4A44-B2AF-33DEE3E33214}.Ad-Hoc|Any CPU.ActiveCfg = Debug|Any CPU
		{67149923-69A4-4A44-B2AF-33DEE3E33214}.Ad-Hoc|Any CPU.Build.0 = Debug|Any CPU
		{67149923-69A4-4A44-B2AF-33DEE3E33214}.Ad-Hoc|Any CPU.Deploy.0 = Debug|Any CPU
		{67149923-69A4-4A44-B2AF-33DEE3E33214}.Ad-Hoc|ARM.ActiveCfg = Debug|Any CPU
		{67149923-69A4-4A44-B2AF-33DEE3E33214}.Ad-Hoc|ARM.Build.0 = Debug|Any CPU
		{67149923-69A4-4A44-B2AF-33DEE3E33214}.Ad-Hoc|ARM.Deploy.0 = Debug|Any CPU
		{67149923-69A4-4A44-B2AF-33DEE3E33214}.Ad-Hoc|ARM64.ActiveCfg = Debug|Any CPU
		{67149923-69A4-4A44-B2AF-33DEE3E33214}.Ad-Hoc|ARM64.Build.0 = Debug|Any CPU
		{67149923-69A4-4A44-B2AF-33DEE3E33214}.Ad-Hoc|ARM64.Deploy.0 = Debug|Any CPU
		{67149923-69A4-4A44-B2AF-33DEE3E33214}.Ad-Hoc|iPhone.ActiveCfg = Debug|Any CPU
		{67149923-69A4-4A44-B2AF-33DEE3E33214}.Ad-Hoc|iPhone.Build.0 = Debug|Any CPU
		{67149923-69A4-4A44-B2AF-33DEE3E33214}.Ad-Hoc|iPhone.Deploy.0 = Debug|Any CPU
		{67149923-69A4-4A44-B2AF-33DEE3E33214}.Ad-Hoc|iPhoneSimulator.ActiveCfg = Debug|Any CPU
		{67149923-69A4-4A44-B2AF-33DEE3E33214}.Ad-Hoc|iPhoneSimulator.Build.0 = Debug|Any CPU
		{67149923-69A4-4A44-B2AF-33DEE3E33214}.Ad-Hoc|iPhoneSimulator.Deploy.0 = Debug|Any CPU
		{67149923-69A4-4A44-B2AF-33DEE3E33214}.Ad-Hoc|x64.ActiveCfg = Debug|Any CPU
		{67149923-69A4-4A44-B2AF-33DEE3E33214}.Ad-Hoc|x64.Build.0 = Debug|Any CPU
		{67149923-69A4-4A44-B2AF-33DEE3E33214}.Ad-Hoc|x64.Deploy.0 = Debug|Any CPU
		{67149923-69A4-4A44-B2AF-33DEE3E33214}.Ad-Hoc|x86.ActiveCfg = Debug|Any CPU
		{67149923-69A4-4A44-B2AF-33DEE3E33214}.Ad-Hoc|x86.Build.0 = Debug|Any CPU
		{67149923-69A4-4A44-B2AF-33DEE3E33214}.Ad-Hoc|x86.Deploy.0 = Debug|Any CPU
		{67149923-69A4-4A44-B2AF-33DEE3E33214}.AppStore|Any CPU.ActiveCfg = Debug|Any CPU
		{67149923-69A4-4A44-B2AF-33DEE3E33214}.AppStore|Any CPU.Build.0 = Debug|Any CPU
		{67149923-69A4-4A44-B2AF-33DEE3E33214}.AppStore|Any CPU.Deploy.0 = Debug|Any CPU
		{67149923-69A4-4A44-B2AF-33DEE3E33214}.AppStore|ARM.ActiveCfg = Debug|Any CPU
		{67149923-69A4-4A44-B2AF-33DEE3E33214}.AppStore|ARM.Build.0 = Debug|Any CPU
		{67149923-69A4-4A44-B2AF-33DEE3E33214}.AppStore|ARM.Deploy.0 = Debug|Any CPU
		{67149923-69A4-4A44-B2AF-33DEE3E33214}.AppStore|ARM64.ActiveCfg = Debug|Any CPU
		{67149923-69A4-4A44-B2AF-33DEE3E33214}.AppStore|ARM64.Build.0 = Debug|Any CPU
		{67149923-69A4-4A44-B2AF-33DEE3E33214}.AppStore|ARM64.Deploy.0 = Debug|Any CPU
		{67149923-69A4-4A44-B2AF-33DEE3E33214}.AppStore|iPhone.ActiveCfg = Debug|Any CPU
		{67149923-69A4-4A44-B2AF-33DEE3E33214}.AppStore|iPhone.Build.0 = Debug|Any CPU
		{67149923-69A4-4A44-B2AF-33DEE3E33214}.AppStore|iPhone.Deploy.0 = Debug|Any CPU
		{67149923-69A4-4A44-B2AF-33DEE3E33214}.AppStore|iPhoneSimulator.ActiveCfg = Debug|Any CPU
		{67149923-69A4-4A44-B2AF-33DEE3E33214}.AppStore|iPhoneSimulator.Build.0 = Debug|Any CPU
		{67149923-69A4-4A44-B2AF-33DEE3E33214}.AppStore|iPhoneSimulator.Deploy.0 = Debug|Any CPU
		{67149923-69A4-4A44-B2AF-33DEE3E33214}.AppStore|x64.ActiveCfg = Debug|Any CPU
		{67149923-69A4-4A44-B2AF-33DEE3E33214}.AppStore|x64.Build.0 = Debug|Any CPU
		{67149923-69A4-4A44-B2AF-33DEE3E33214}.AppStore|x64.Deploy.0 = Debug|Any CPU
		{67149923-69A4-4A44-B2AF-33DEE3E33214}.AppStore|x86.ActiveCfg = Debug|Any CPU
		{67149923-69A4-4A44-B2AF-33DEE3E33214}.AppStore|x86.Build.0 = Debug|Any CPU
		{67149923-69A4-4A44-B2AF-33DEE3E33214}.AppStore|x86.Deploy.0 = Debug|Any CPU
		{67149923-69A4-4A44-B2AF-33DEE3E33214}.Debug|Any CPU.ActiveCfg = Debug|Any CPU
		{67149923-69A4-4A44-B2AF-33DEE3E33214}.Debug|Any CPU.Build.0 = Debug|Any CPU
		{67149923-69A4-4A44-B2AF-33DEE3E33214}.Debug|Any CPU.Deploy.0 = Debug|Any CPU
		{67149923-69A4-4A44-B2AF-33DEE3E33214}.Debug|ARM.ActiveCfg = Debug|Any CPU
		{67149923-69A4-4A44-B2AF-33DEE3E33214}.Debug|ARM.Build.0 = Debug|Any CPU
		{67149923-69A4-4A44-B2AF-33DEE3E33214}.Debug|ARM.Deploy.0 = Debug|Any CPU
		{67149923-69A4-4A44-B2AF-33DEE3E33214}.Debug|ARM64.ActiveCfg = Debug|Any CPU
		{67149923-69A4-4A44-B2AF-33DEE3E33214}.Debug|ARM64.Build.0 = Debug|Any CPU
		{67149923-69A4-4A44-B2AF-33DEE3E33214}.Debug|ARM64.Deploy.0 = Debug|Any CPU
		{67149923-69A4-4A44-B2AF-33DEE3E33214}.Debug|iPhone.ActiveCfg = Debug|Any CPU
		{67149923-69A4-4A44-B2AF-33DEE3E33214}.Debug|iPhone.Build.0 = Debug|Any CPU
		{67149923-69A4-4A44-B2AF-33DEE3E33214}.Debug|iPhone.Deploy.0 = Debug|Any CPU
		{67149923-69A4-4A44-B2AF-33DEE3E33214}.Debug|iPhoneSimulator.ActiveCfg = Debug|Any CPU
		{67149923-69A4-4A44-B2AF-33DEE3E33214}.Debug|iPhoneSimulator.Build.0 = Debug|Any CPU
		{67149923-69A4-4A44-B2AF-33DEE3E33214}.Debug|iPhoneSimulator.Deploy.0 = Debug|Any CPU
		{67149923-69A4-4A44-B2AF-33DEE3E33214}.Debug|x64.ActiveCfg = Debug|Any CPU
		{67149923-69A4-4A44-B2AF-33DEE3E33214}.Debug|x64.Build.0 = Debug|Any CPU
		{67149923-69A4-4A44-B2AF-33DEE3E33214}.Debug|x64.Deploy.0 = Debug|Any CPU
		{67149923-69A4-4A44-B2AF-33DEE3E33214}.Debug|x86.ActiveCfg = Debug|Any CPU
		{67149923-69A4-4A44-B2AF-33DEE3E33214}.Debug|x86.Build.0 = Debug|Any CPU
		{67149923-69A4-4A44-B2AF-33DEE3E33214}.Debug|x86.Deploy.0 = Debug|Any CPU
		{67149923-69A4-4A44-B2AF-33DEE3E33214}.Release|Any CPU.ActiveCfg = Release|Any CPU
		{67149923-69A4-4A44-B2AF-33DEE3E33214}.Release|Any CPU.Build.0 = Release|Any CPU
		{67149923-69A4-4A44-B2AF-33DEE3E33214}.Release|Any CPU.Deploy.0 = Release|Any CPU
		{67149923-69A4-4A44-B2AF-33DEE3E33214}.Release|ARM.ActiveCfg = Release|Any CPU
		{67149923-69A4-4A44-B2AF-33DEE3E33214}.Release|ARM.Build.0 = Release|Any CPU
		{67149923-69A4-4A44-B2AF-33DEE3E33214}.Release|ARM.Deploy.0 = Release|Any CPU
		{67149923-69A4-4A44-B2AF-33DEE3E33214}.Release|ARM64.ActiveCfg = Release|Any CPU
		{67149923-69A4-4A44-B2AF-33DEE3E33214}.Release|ARM64.Build.0 = Release|Any CPU
		{67149923-69A4-4A44-B2AF-33DEE3E33214}.Release|ARM64.Deploy.0 = Release|Any CPU
		{67149923-69A4-4A44-B2AF-33DEE3E33214}.Release|iPhone.ActiveCfg = Release|Any CPU
		{67149923-69A4-4A44-B2AF-33DEE3E33214}.Release|iPhone.Build.0 = Release|Any CPU
		{67149923-69A4-4A44-B2AF-33DEE3E33214}.Release|iPhone.Deploy.0 = Release|Any CPU
		{67149923-69A4-4A44-B2AF-33DEE3E33214}.Release|iPhoneSimulator.ActiveCfg = Release|Any CPU
		{67149923-69A4-4A44-B2AF-33DEE3E33214}.Release|iPhoneSimulator.Build.0 = Release|Any CPU
		{67149923-69A4-4A44-B2AF-33DEE3E33214}.Release|iPhoneSimulator.Deploy.0 = Release|Any CPU
		{67149923-69A4-4A44-B2AF-33DEE3E33214}.Release|x64.ActiveCfg = Release|Any CPU
		{67149923-69A4-4A44-B2AF-33DEE3E33214}.Release|x64.Build.0 = Release|Any CPU
		{67149923-69A4-4A44-B2AF-33DEE3E33214}.Release|x64.Deploy.0 = Release|Any CPU
		{67149923-69A4-4A44-B2AF-33DEE3E33214}.Release|x86.ActiveCfg = Release|Any CPU
		{67149923-69A4-4A44-B2AF-33DEE3E33214}.Release|x86.Build.0 = Release|Any CPU
		{67149923-69A4-4A44-B2AF-33DEE3E33214}.Release|x86.Deploy.0 = Release|Any CPU
		{0050E77B-3AA4-447C-A505-C43A8AA7F4D5}.Ad-Hoc|Any CPU.ActiveCfg = Ad-Hoc|iPhoneSimulator
		{0050E77B-3AA4-447C-A505-C43A8AA7F4D5}.Ad-Hoc|ARM.ActiveCfg = Ad-Hoc|iPhoneSimulator
		{0050E77B-3AA4-447C-A505-C43A8AA7F4D5}.Ad-Hoc|ARM64.ActiveCfg = Ad-Hoc|iPhoneSimulator
		{0050E77B-3AA4-447C-A505-C43A8AA7F4D5}.Ad-Hoc|iPhone.ActiveCfg = Ad-Hoc|iPhone
		{0050E77B-3AA4-447C-A505-C43A8AA7F4D5}.Ad-Hoc|iPhone.Build.0 = Ad-Hoc|iPhone
		{0050E77B-3AA4-447C-A505-C43A8AA7F4D5}.Ad-Hoc|iPhoneSimulator.ActiveCfg = Ad-Hoc|iPhoneSimulator
		{0050E77B-3AA4-447C-A505-C43A8AA7F4D5}.Ad-Hoc|iPhoneSimulator.Build.0 = Ad-Hoc|iPhoneSimulator
		{0050E77B-3AA4-447C-A505-C43A8AA7F4D5}.Ad-Hoc|x64.ActiveCfg = Ad-Hoc|iPhoneSimulator
		{0050E77B-3AA4-447C-A505-C43A8AA7F4D5}.Ad-Hoc|x86.ActiveCfg = Ad-Hoc|iPhoneSimulator
		{0050E77B-3AA4-447C-A505-C43A8AA7F4D5}.AppStore|Any CPU.ActiveCfg = AppStore|iPhoneSimulator
		{0050E77B-3AA4-447C-A505-C43A8AA7F4D5}.AppStore|ARM.ActiveCfg = AppStore|iPhoneSimulator
		{0050E77B-3AA4-447C-A505-C43A8AA7F4D5}.AppStore|ARM64.ActiveCfg = AppStore|iPhoneSimulator
		{0050E77B-3AA4-447C-A505-C43A8AA7F4D5}.AppStore|iPhone.ActiveCfg = AppStore|iPhone
		{0050E77B-3AA4-447C-A505-C43A8AA7F4D5}.AppStore|iPhone.Build.0 = AppStore|iPhone
		{0050E77B-3AA4-447C-A505-C43A8AA7F4D5}.AppStore|iPhoneSimulator.ActiveCfg = AppStore|iPhoneSimulator
		{0050E77B-3AA4-447C-A505-C43A8AA7F4D5}.AppStore|iPhoneSimulator.Build.0 = AppStore|iPhoneSimulator
		{0050E77B-3AA4-447C-A505-C43A8AA7F4D5}.AppStore|x64.ActiveCfg = AppStore|iPhoneSimulator
		{0050E77B-3AA4-447C-A505-C43A8AA7F4D5}.AppStore|x86.ActiveCfg = AppStore|iPhoneSimulator
		{0050E77B-3AA4-447C-A505-C43A8AA7F4D5}.Debug|Any CPU.ActiveCfg = Debug|iPhoneSimulator
		{0050E77B-3AA4-447C-A505-C43A8AA7F4D5}.Debug|ARM.ActiveCfg = Debug|iPhoneSimulator
		{0050E77B-3AA4-447C-A505-C43A8AA7F4D5}.Debug|ARM64.ActiveCfg = Debug|iPhoneSimulator
		{0050E77B-3AA4-447C-A505-C43A8AA7F4D5}.Debug|iPhone.ActiveCfg = Debug|iPhone
		{0050E77B-3AA4-447C-A505-C43A8AA7F4D5}.Debug|iPhone.Build.0 = Debug|iPhone
		{0050E77B-3AA4-447C-A505-C43A8AA7F4D5}.Debug|iPhoneSimulator.ActiveCfg = Debug|iPhoneSimulator
		{0050E77B-3AA4-447C-A505-C43A8AA7F4D5}.Debug|iPhoneSimulator.Build.0 = Debug|iPhoneSimulator
		{0050E77B-3AA4-447C-A505-C43A8AA7F4D5}.Debug|x64.ActiveCfg = Debug|iPhoneSimulator
		{0050E77B-3AA4-447C-A505-C43A8AA7F4D5}.Debug|x86.ActiveCfg = Debug|iPhoneSimulator
		{0050E77B-3AA4-447C-A505-C43A8AA7F4D5}.Release|Any CPU.ActiveCfg = Release|iPhoneSimulator
		{0050E77B-3AA4-447C-A505-C43A8AA7F4D5}.Release|ARM.ActiveCfg = Release|iPhoneSimulator
		{0050E77B-3AA4-447C-A505-C43A8AA7F4D5}.Release|ARM64.ActiveCfg = Release|iPhoneSimulator
		{0050E77B-3AA4-447C-A505-C43A8AA7F4D5}.Release|iPhone.ActiveCfg = Release|iPhone
		{0050E77B-3AA4-447C-A505-C43A8AA7F4D5}.Release|iPhone.Build.0 = Release|iPhone
		{0050E77B-3AA4-447C-A505-C43A8AA7F4D5}.Release|iPhoneSimulator.ActiveCfg = Release|iPhoneSimulator
		{0050E77B-3AA4-447C-A505-C43A8AA7F4D5}.Release|iPhoneSimulator.Build.0 = Release|iPhoneSimulator
		{0050E77B-3AA4-447C-A505-C43A8AA7F4D5}.Release|x64.ActiveCfg = Release|iPhoneSimulator
		{0050E77B-3AA4-447C-A505-C43A8AA7F4D5}.Release|x86.ActiveCfg = Release|iPhoneSimulator
		{EDA7CEBB-5C8E-46C0-A45A-327E684F8BDB}.Ad-Hoc|Any CPU.ActiveCfg = Debug|x86
		{EDA7CEBB-5C8E-46C0-A45A-327E684F8BDB}.Ad-Hoc|Any CPU.Build.0 = Debug|x86
		{EDA7CEBB-5C8E-46C0-A45A-327E684F8BDB}.Ad-Hoc|Any CPU.Deploy.0 = Debug|x86
		{EDA7CEBB-5C8E-46C0-A45A-327E684F8BDB}.Ad-Hoc|ARM.ActiveCfg = Debug|ARM
		{EDA7CEBB-5C8E-46C0-A45A-327E684F8BDB}.Ad-Hoc|ARM.Build.0 = Debug|ARM
		{EDA7CEBB-5C8E-46C0-A45A-327E684F8BDB}.Ad-Hoc|ARM.Deploy.0 = Debug|ARM
		{EDA7CEBB-5C8E-46C0-A45A-327E684F8BDB}.Ad-Hoc|ARM64.ActiveCfg = Debug|ARM64
		{EDA7CEBB-5C8E-46C0-A45A-327E684F8BDB}.Ad-Hoc|ARM64.Build.0 = Debug|ARM64
		{EDA7CEBB-5C8E-46C0-A45A-327E684F8BDB}.Ad-Hoc|ARM64.Deploy.0 = Debug|ARM64
		{EDA7CEBB-5C8E-46C0-A45A-327E684F8BDB}.Ad-Hoc|iPhone.ActiveCfg = Debug|x86
		{EDA7CEBB-5C8E-46C0-A45A-327E684F8BDB}.Ad-Hoc|iPhone.Build.0 = Debug|x86
		{EDA7CEBB-5C8E-46C0-A45A-327E684F8BDB}.Ad-Hoc|iPhone.Deploy.0 = Debug|x86
		{EDA7CEBB-5C8E-46C0-A45A-327E684F8BDB}.Ad-Hoc|iPhoneSimulator.ActiveCfg = Debug|x86
		{EDA7CEBB-5C8E-46C0-A45A-327E684F8BDB}.Ad-Hoc|iPhoneSimulator.Build.0 = Debug|x86
		{EDA7CEBB-5C8E-46C0-A45A-327E684F8BDB}.Ad-Hoc|iPhoneSimulator.Deploy.0 = Debug|x86
		{EDA7CEBB-5C8E-46C0-A45A-327E684F8BDB}.Ad-Hoc|x64.ActiveCfg = Debug|x64
		{EDA7CEBB-5C8E-46C0-A45A-327E684F8BDB}.Ad-Hoc|x64.Build.0 = Debug|x64
		{EDA7CEBB-5C8E-46C0-A45A-327E684F8BDB}.Ad-Hoc|x64.Deploy.0 = Debug|x64
		{EDA7CEBB-5C8E-46C0-A45A-327E684F8BDB}.Ad-Hoc|x86.ActiveCfg = Debug|x86
		{EDA7CEBB-5C8E-46C0-A45A-327E684F8BDB}.Ad-Hoc|x86.Build.0 = Debug|x86
		{EDA7CEBB-5C8E-46C0-A45A-327E684F8BDB}.Ad-Hoc|x86.Deploy.0 = Debug|x86
		{EDA7CEBB-5C8E-46C0-A45A-327E684F8BDB}.AppStore|Any CPU.ActiveCfg = Debug|x86
		{EDA7CEBB-5C8E-46C0-A45A-327E684F8BDB}.AppStore|Any CPU.Build.0 = Debug|x86
		{EDA7CEBB-5C8E-46C0-A45A-327E684F8BDB}.AppStore|Any CPU.Deploy.0 = Debug|x86
		{EDA7CEBB-5C8E-46C0-A45A-327E684F8BDB}.AppStore|ARM.ActiveCfg = Debug|ARM
		{EDA7CEBB-5C8E-46C0-A45A-327E684F8BDB}.AppStore|ARM.Build.0 = Debug|ARM
		{EDA7CEBB-5C8E-46C0-A45A-327E684F8BDB}.AppStore|ARM.Deploy.0 = Debug|ARM
		{EDA7CEBB-5C8E-46C0-A45A-327E684F8BDB}.AppStore|ARM64.ActiveCfg = Debug|ARM64
		{EDA7CEBB-5C8E-46C0-A45A-327E684F8BDB}.AppStore|ARM64.Build.0 = Debug|ARM64
		{EDA7CEBB-5C8E-46C0-A45A-327E684F8BDB}.AppStore|ARM64.Deploy.0 = Debug|ARM64
		{EDA7CEBB-5C8E-46C0-A45A-327E684F8BDB}.AppStore|iPhone.ActiveCfg = Debug|x86
		{EDA7CEBB-5C8E-46C0-A45A-327E684F8BDB}.AppStore|iPhone.Build.0 = Debug|x86
		{EDA7CEBB-5C8E-46C0-A45A-327E684F8BDB}.AppStore|iPhone.Deploy.0 = Debug|x86
		{EDA7CEBB-5C8E-46C0-A45A-327E684F8BDB}.AppStore|iPhoneSimulator.ActiveCfg = Debug|x86
		{EDA7CEBB-5C8E-46C0-A45A-327E684F8BDB}.AppStore|iPhoneSimulator.Build.0 = Debug|x86
		{EDA7CEBB-5C8E-46C0-A45A-327E684F8BDB}.AppStore|iPhoneSimulator.Deploy.0 = Debug|x86
		{EDA7CEBB-5C8E-46C0-A45A-327E684F8BDB}.AppStore|x64.ActiveCfg = Debug|x64
		{EDA7CEBB-5C8E-46C0-A45A-327E684F8BDB}.AppStore|x64.Build.0 = Debug|x64
		{EDA7CEBB-5C8E-46C0-A45A-327E684F8BDB}.AppStore|x64.Deploy.0 = Debug|x64
		{EDA7CEBB-5C8E-46C0-A45A-327E684F8BDB}.AppStore|x86.ActiveCfg = Debug|x86
		{EDA7CEBB-5C8E-46C0-A45A-327E684F8BDB}.AppStore|x86.Build.0 = Debug|x86
		{EDA7CEBB-5C8E-46C0-A45A-327E684F8BDB}.AppStore|x86.Deploy.0 = Debug|x86
		{EDA7CEBB-5C8E-46C0-A45A-327E684F8BDB}.Debug|Any CPU.ActiveCfg = Debug|x86
		{EDA7CEBB-5C8E-46C0-A45A-327E684F8BDB}.Debug|Any CPU.Build.0 = Debug|x86
		{EDA7CEBB-5C8E-46C0-A45A-327E684F8BDB}.Debug|Any CPU.Deploy.0 = Debug|x86
		{EDA7CEBB-5C8E-46C0-A45A-327E684F8BDB}.Debug|ARM.ActiveCfg = Debug|ARM
		{EDA7CEBB-5C8E-46C0-A45A-327E684F8BDB}.Debug|ARM.Build.0 = Debug|ARM
		{EDA7CEBB-5C8E-46C0-A45A-327E684F8BDB}.Debug|ARM.Deploy.0 = Debug|ARM
		{EDA7CEBB-5C8E-46C0-A45A-327E684F8BDB}.Debug|ARM64.ActiveCfg = Debug|ARM64
		{EDA7CEBB-5C8E-46C0-A45A-327E684F8BDB}.Debug|ARM64.Build.0 = Debug|ARM64
		{EDA7CEBB-5C8E-46C0-A45A-327E684F8BDB}.Debug|ARM64.Deploy.0 = Debug|ARM64
		{EDA7CEBB-5C8E-46C0-A45A-327E684F8BDB}.Debug|iPhone.ActiveCfg = Debug|x86
		{EDA7CEBB-5C8E-46C0-A45A-327E684F8BDB}.Debug|iPhoneSimulator.ActiveCfg = Debug|x86
		{EDA7CEBB-5C8E-46C0-A45A-327E684F8BDB}.Debug|x64.ActiveCfg = Debug|x64
		{EDA7CEBB-5C8E-46C0-A45A-327E684F8BDB}.Debug|x64.Build.0 = Debug|x64
		{EDA7CEBB-5C8E-46C0-A45A-327E684F8BDB}.Debug|x64.Deploy.0 = Debug|x64
		{EDA7CEBB-5C8E-46C0-A45A-327E684F8BDB}.Debug|x86.ActiveCfg = Debug|x86
		{EDA7CEBB-5C8E-46C0-A45A-327E684F8BDB}.Debug|x86.Build.0 = Debug|x86
		{EDA7CEBB-5C8E-46C0-A45A-327E684F8BDB}.Debug|x86.Deploy.0 = Debug|x86
		{EDA7CEBB-5C8E-46C0-A45A-327E684F8BDB}.Release|Any CPU.ActiveCfg = Release|x86
		{EDA7CEBB-5C8E-46C0-A45A-327E684F8BDB}.Release|ARM.ActiveCfg = Release|ARM
		{EDA7CEBB-5C8E-46C0-A45A-327E684F8BDB}.Release|ARM.Build.0 = Release|ARM
		{EDA7CEBB-5C8E-46C0-A45A-327E684F8BDB}.Release|ARM.Deploy.0 = Release|ARM
		{EDA7CEBB-5C8E-46C0-A45A-327E684F8BDB}.Release|ARM64.ActiveCfg = Release|ARM64
		{EDA7CEBB-5C8E-46C0-A45A-327E684F8BDB}.Release|ARM64.Build.0 = Release|ARM64
		{EDA7CEBB-5C8E-46C0-A45A-327E684F8BDB}.Release|ARM64.Deploy.0 = Release|ARM64
		{EDA7CEBB-5C8E-46C0-A45A-327E684F8BDB}.Release|iPhone.ActiveCfg = Release|x86
		{EDA7CEBB-5C8E-46C0-A45A-327E684F8BDB}.Release|iPhoneSimulator.ActiveCfg = Release|x86
		{EDA7CEBB-5C8E-46C0-A45A-327E684F8BDB}.Release|x64.ActiveCfg = Release|x64
		{EDA7CEBB-5C8E-46C0-A45A-327E684F8BDB}.Release|x64.Build.0 = Release|x64
		{EDA7CEBB-5C8E-46C0-A45A-327E684F8BDB}.Release|x64.Deploy.0 = Release|x64
		{EDA7CEBB-5C8E-46C0-A45A-327E684F8BDB}.Release|x86.ActiveCfg = Release|x86
		{EDA7CEBB-5C8E-46C0-A45A-327E684F8BDB}.Release|x86.Build.0 = Release|x86
		{EDA7CEBB-5C8E-46C0-A45A-327E684F8BDB}.Release|x86.Deploy.0 = Release|x86
		{513471FD-C7BE-4CDF-B458-621CB3C5ECF1}.Ad-Hoc|Any CPU.ActiveCfg = Debug|Any CPU
		{513471FD-C7BE-4CDF-B458-621CB3C5ECF1}.Ad-Hoc|Any CPU.Build.0 = Debug|Any CPU
		{513471FD-C7BE-4CDF-B458-621CB3C5ECF1}.Ad-Hoc|ARM.ActiveCfg = Debug|Any CPU
		{513471FD-C7BE-4CDF-B458-621CB3C5ECF1}.Ad-Hoc|ARM.Build.0 = Debug|Any CPU
		{513471FD-C7BE-4CDF-B458-621CB3C5ECF1}.Ad-Hoc|ARM64.ActiveCfg = Debug|Any CPU
		{513471FD-C7BE-4CDF-B458-621CB3C5ECF1}.Ad-Hoc|ARM64.Build.0 = Debug|Any CPU
		{513471FD-C7BE-4CDF-B458-621CB3C5ECF1}.Ad-Hoc|iPhone.ActiveCfg = Debug|Any CPU
		{513471FD-C7BE-4CDF-B458-621CB3C5ECF1}.Ad-Hoc|iPhone.Build.0 = Debug|Any CPU
		{513471FD-C7BE-4CDF-B458-621CB3C5ECF1}.Ad-Hoc|iPhoneSimulator.ActiveCfg = Debug|Any CPU
		{513471FD-C7BE-4CDF-B458-621CB3C5ECF1}.Ad-Hoc|iPhoneSimulator.Build.0 = Debug|Any CPU
		{513471FD-C7BE-4CDF-B458-621CB3C5ECF1}.Ad-Hoc|x64.ActiveCfg = Debug|Any CPU
		{513471FD-C7BE-4CDF-B458-621CB3C5ECF1}.Ad-Hoc|x64.Build.0 = Debug|Any CPU
		{513471FD-C7BE-4CDF-B458-621CB3C5ECF1}.Ad-Hoc|x86.ActiveCfg = Debug|Any CPU
		{513471FD-C7BE-4CDF-B458-621CB3C5ECF1}.Ad-Hoc|x86.Build.0 = Debug|Any CPU
		{513471FD-C7BE-4CDF-B458-621CB3C5ECF1}.AppStore|Any CPU.ActiveCfg = Debug|Any CPU
		{513471FD-C7BE-4CDF-B458-621CB3C5ECF1}.AppStore|Any CPU.Build.0 = Debug|Any CPU
		{513471FD-C7BE-4CDF-B458-621CB3C5ECF1}.AppStore|ARM.ActiveCfg = Debug|Any CPU
		{513471FD-C7BE-4CDF-B458-621CB3C5ECF1}.AppStore|ARM.Build.0 = Debug|Any CPU
		{513471FD-C7BE-4CDF-B458-621CB3C5ECF1}.AppStore|ARM64.ActiveCfg = Debug|Any CPU
		{513471FD-C7BE-4CDF-B458-621CB3C5ECF1}.AppStore|ARM64.Build.0 = Debug|Any CPU
		{513471FD-C7BE-4CDF-B458-621CB3C5ECF1}.AppStore|iPhone.ActiveCfg = Debug|Any CPU
		{513471FD-C7BE-4CDF-B458-621CB3C5ECF1}.AppStore|iPhone.Build.0 = Debug|Any CPU
		{513471FD-C7BE-4CDF-B458-621CB3C5ECF1}.AppStore|iPhoneSimulator.ActiveCfg = Debug|Any CPU
		{513471FD-C7BE-4CDF-B458-621CB3C5ECF1}.AppStore|iPhoneSimulator.Build.0 = Debug|Any CPU
		{513471FD-C7BE-4CDF-B458-621CB3C5ECF1}.AppStore|x64.ActiveCfg = Debug|Any CPU
		{513471FD-C7BE-4CDF-B458-621CB3C5ECF1}.AppStore|x64.Build.0 = Debug|Any CPU
		{513471FD-C7BE-4CDF-B458-621CB3C5ECF1}.AppStore|x86.ActiveCfg = Debug|Any CPU
		{513471FD-C7BE-4CDF-B458-621CB3C5ECF1}.AppStore|x86.Build.0 = Debug|Any CPU
		{513471FD-C7BE-4CDF-B458-621CB3C5ECF1}.Debug|Any CPU.ActiveCfg = Debug|Any CPU
		{513471FD-C7BE-4CDF-B458-621CB3C5ECF1}.Debug|Any CPU.Build.0 = Debug|Any CPU
		{513471FD-C7BE-4CDF-B458-621CB3C5ECF1}.Debug|ARM.ActiveCfg = Debug|Any CPU
		{513471FD-C7BE-4CDF-B458-621CB3C5ECF1}.Debug|ARM.Build.0 = Debug|Any CPU
		{513471FD-C7BE-4CDF-B458-621CB3C5ECF1}.Debug|ARM64.ActiveCfg = Debug|Any CPU
		{513471FD-C7BE-4CDF-B458-621CB3C5ECF1}.Debug|ARM64.Build.0 = Debug|Any CPU
		{513471FD-C7BE-4CDF-B458-621CB3C5ECF1}.Debug|iPhone.ActiveCfg = Debug|Any CPU
		{513471FD-C7BE-4CDF-B458-621CB3C5ECF1}.Debug|iPhone.Build.0 = Debug|Any CPU
		{513471FD-C7BE-4CDF-B458-621CB3C5ECF1}.Debug|iPhoneSimulator.ActiveCfg = Debug|Any CPU
		{513471FD-C7BE-4CDF-B458-621CB3C5ECF1}.Debug|iPhoneSimulator.Build.0 = Debug|Any CPU
		{513471FD-C7BE-4CDF-B458-621CB3C5ECF1}.Debug|x64.ActiveCfg = Debug|Any CPU
		{513471FD-C7BE-4CDF-B458-621CB3C5ECF1}.Debug|x64.Build.0 = Debug|Any CPU
		{513471FD-C7BE-4CDF-B458-621CB3C5ECF1}.Debug|x86.ActiveCfg = Debug|Any CPU
		{513471FD-C7BE-4CDF-B458-621CB3C5ECF1}.Debug|x86.Build.0 = Debug|Any CPU
		{513471FD-C7BE-4CDF-B458-621CB3C5ECF1}.Release|Any CPU.ActiveCfg = Release|Any CPU
		{513471FD-C7BE-4CDF-B458-621CB3C5ECF1}.Release|Any CPU.Build.0 = Release|Any CPU
		{513471FD-C7BE-4CDF-B458-621CB3C5ECF1}.Release|ARM.ActiveCfg = Release|Any CPU
		{513471FD-C7BE-4CDF-B458-621CB3C5ECF1}.Release|ARM.Build.0 = Release|Any CPU
		{513471FD-C7BE-4CDF-B458-621CB3C5ECF1}.Release|ARM64.ActiveCfg = Release|Any CPU
		{513471FD-C7BE-4CDF-B458-621CB3C5ECF1}.Release|ARM64.Build.0 = Release|Any CPU
		{513471FD-C7BE-4CDF-B458-621CB3C5ECF1}.Release|iPhone.ActiveCfg = Release|Any CPU
		{513471FD-C7BE-4CDF-B458-621CB3C5ECF1}.Release|iPhone.Build.0 = Release|Any CPU
		{513471FD-C7BE-4CDF-B458-621CB3C5ECF1}.Release|iPhoneSimulator.ActiveCfg = Release|Any CPU
		{513471FD-C7BE-4CDF-B458-621CB3C5ECF1}.Release|iPhoneSimulator.Build.0 = Release|Any CPU
		{513471FD-C7BE-4CDF-B458-621CB3C5ECF1}.Release|x64.ActiveCfg = Release|Any CPU
		{513471FD-C7BE-4CDF-B458-621CB3C5ECF1}.Release|x64.Build.0 = Release|Any CPU
		{513471FD-C7BE-4CDF-B458-621CB3C5ECF1}.Release|x86.ActiveCfg = Release|Any CPU
		{513471FD-C7BE-4CDF-B458-621CB3C5ECF1}.Release|x86.Build.0 = Release|Any CPU
		{B303FC37-BE26-42DD-BFAE-FE4391912973}.Ad-Hoc|Any CPU.ActiveCfg = Debug|iPhoneSimulator
		{B303FC37-BE26-42DD-BFAE-FE4391912973}.Ad-Hoc|Any CPU.Build.0 = Debug|iPhoneSimulator
		{B303FC37-BE26-42DD-BFAE-FE4391912973}.Ad-Hoc|ARM.ActiveCfg = Debug|iPhoneSimulator
		{B303FC37-BE26-42DD-BFAE-FE4391912973}.Ad-Hoc|ARM.Build.0 = Debug|iPhoneSimulator
		{B303FC37-BE26-42DD-BFAE-FE4391912973}.Ad-Hoc|ARM64.ActiveCfg = Debug|iPhoneSimulator
		{B303FC37-BE26-42DD-BFAE-FE4391912973}.Ad-Hoc|ARM64.Build.0 = Debug|iPhoneSimulator
		{B303FC37-BE26-42DD-BFAE-FE4391912973}.Ad-Hoc|iPhone.ActiveCfg = Debug|iPhoneSimulator
		{B303FC37-BE26-42DD-BFAE-FE4391912973}.Ad-Hoc|iPhone.Build.0 = Debug|iPhoneSimulator
		{B303FC37-BE26-42DD-BFAE-FE4391912973}.Ad-Hoc|iPhoneSimulator.ActiveCfg = Debug|iPhoneSimulator
		{B303FC37-BE26-42DD-BFAE-FE4391912973}.Ad-Hoc|iPhoneSimulator.Build.0 = Debug|iPhoneSimulator
		{B303FC37-BE26-42DD-BFAE-FE4391912973}.Ad-Hoc|x64.ActiveCfg = Debug|iPhoneSimulator
		{B303FC37-BE26-42DD-BFAE-FE4391912973}.Ad-Hoc|x64.Build.0 = Debug|iPhoneSimulator
		{B303FC37-BE26-42DD-BFAE-FE4391912973}.Ad-Hoc|x86.ActiveCfg = Debug|iPhoneSimulator
		{B303FC37-BE26-42DD-BFAE-FE4391912973}.Ad-Hoc|x86.Build.0 = Debug|iPhoneSimulator
		{B303FC37-BE26-42DD-BFAE-FE4391912973}.AppStore|Any CPU.ActiveCfg = Debug|iPhoneSimulator
		{B303FC37-BE26-42DD-BFAE-FE4391912973}.AppStore|Any CPU.Build.0 = Debug|iPhoneSimulator
		{B303FC37-BE26-42DD-BFAE-FE4391912973}.AppStore|ARM.ActiveCfg = Debug|iPhoneSimulator
		{B303FC37-BE26-42DD-BFAE-FE4391912973}.AppStore|ARM.Build.0 = Debug|iPhoneSimulator
		{B303FC37-BE26-42DD-BFAE-FE4391912973}.AppStore|ARM64.ActiveCfg = Debug|iPhoneSimulator
		{B303FC37-BE26-42DD-BFAE-FE4391912973}.AppStore|ARM64.Build.0 = Debug|iPhoneSimulator
		{B303FC37-BE26-42DD-BFAE-FE4391912973}.AppStore|iPhone.ActiveCfg = Debug|iPhoneSimulator
		{B303FC37-BE26-42DD-BFAE-FE4391912973}.AppStore|iPhone.Build.0 = Debug|iPhoneSimulator
		{B303FC37-BE26-42DD-BFAE-FE4391912973}.AppStore|iPhoneSimulator.ActiveCfg = Debug|iPhoneSimulator
		{B303FC37-BE26-42DD-BFAE-FE4391912973}.AppStore|iPhoneSimulator.Build.0 = Debug|iPhoneSimulator
		{B303FC37-BE26-42DD-BFAE-FE4391912973}.AppStore|x64.ActiveCfg = Debug|iPhoneSimulator
		{B303FC37-BE26-42DD-BFAE-FE4391912973}.AppStore|x64.Build.0 = Debug|iPhoneSimulator
		{B303FC37-BE26-42DD-BFAE-FE4391912973}.AppStore|x86.ActiveCfg = Debug|iPhoneSimulator
		{B303FC37-BE26-42DD-BFAE-FE4391912973}.AppStore|x86.Build.0 = Debug|iPhoneSimulator
		{B303FC37-BE26-42DD-BFAE-FE4391912973}.Debug|Any CPU.ActiveCfg = Debug|iPhoneSimulator
		{B303FC37-BE26-42DD-BFAE-FE4391912973}.Debug|ARM.ActiveCfg = Debug|iPhoneSimulator
		{B303FC37-BE26-42DD-BFAE-FE4391912973}.Debug|ARM64.ActiveCfg = Debug|iPhoneSimulator
		{B303FC37-BE26-42DD-BFAE-FE4391912973}.Debug|iPhone.ActiveCfg = Debug|iPhoneSimulator
		{B303FC37-BE26-42DD-BFAE-FE4391912973}.Debug|iPhoneSimulator.ActiveCfg = Debug|iPhoneSimulator
		{B303FC37-BE26-42DD-BFAE-FE4391912973}.Debug|iPhoneSimulator.Build.0 = Debug|iPhoneSimulator
		{B303FC37-BE26-42DD-BFAE-FE4391912973}.Debug|x64.ActiveCfg = Debug|iPhoneSimulator
		{B303FC37-BE26-42DD-BFAE-FE4391912973}.Debug|x86.ActiveCfg = Debug|iPhoneSimulator
		{B303FC37-BE26-42DD-BFAE-FE4391912973}.Release|Any CPU.ActiveCfg = Release|iPhoneSimulator
		{B303FC37-BE26-42DD-BFAE-FE4391912973}.Release|ARM.ActiveCfg = Release|iPhoneSimulator
		{B303FC37-BE26-42DD-BFAE-FE4391912973}.Release|ARM64.ActiveCfg = Release|iPhoneSimulator
		{B303FC37-BE26-42DD-BFAE-FE4391912973}.Release|iPhone.ActiveCfg = Release|iPhoneSimulator
		{B303FC37-BE26-42DD-BFAE-FE4391912973}.Release|iPhoneSimulator.ActiveCfg = Release|iPhoneSimulator
		{B303FC37-BE26-42DD-BFAE-FE4391912973}.Release|iPhoneSimulator.Build.0 = Release|iPhoneSimulator
		{B303FC37-BE26-42DD-BFAE-FE4391912973}.Release|x64.ActiveCfg = Release|iPhoneSimulator
		{B303FC37-BE26-42DD-BFAE-FE4391912973}.Release|x86.ActiveCfg = Release|iPhoneSimulator
		{DF3DE3B5-B30D-4451-8CDC-C2B026B90CE5}.Ad-Hoc|Any CPU.ActiveCfg = Debug|Any CPU
		{DF3DE3B5-B30D-4451-8CDC-C2B026B90CE5}.Ad-Hoc|Any CPU.Build.0 = Debug|Any CPU
		{DF3DE3B5-B30D-4451-8CDC-C2B026B90CE5}.Ad-Hoc|ARM.ActiveCfg = Debug|Any CPU
		{DF3DE3B5-B30D-4451-8CDC-C2B026B90CE5}.Ad-Hoc|ARM.Build.0 = Debug|Any CPU
		{DF3DE3B5-B30D-4451-8CDC-C2B026B90CE5}.Ad-Hoc|ARM64.ActiveCfg = Debug|Any CPU
		{DF3DE3B5-B30D-4451-8CDC-C2B026B90CE5}.Ad-Hoc|ARM64.Build.0 = Debug|Any CPU
		{DF3DE3B5-B30D-4451-8CDC-C2B026B90CE5}.Ad-Hoc|iPhone.ActiveCfg = Debug|Any CPU
		{DF3DE3B5-B30D-4451-8CDC-C2B026B90CE5}.Ad-Hoc|iPhone.Build.0 = Debug|Any CPU
		{DF3DE3B5-B30D-4451-8CDC-C2B026B90CE5}.Ad-Hoc|iPhoneSimulator.ActiveCfg = Debug|Any CPU
		{DF3DE3B5-B30D-4451-8CDC-C2B026B90CE5}.Ad-Hoc|iPhoneSimulator.Build.0 = Debug|Any CPU
		{DF3DE3B5-B30D-4451-8CDC-C2B026B90CE5}.Ad-Hoc|x64.ActiveCfg = Debug|Any CPU
		{DF3DE3B5-B30D-4451-8CDC-C2B026B90CE5}.Ad-Hoc|x64.Build.0 = Debug|Any CPU
		{DF3DE3B5-B30D-4451-8CDC-C2B026B90CE5}.Ad-Hoc|x86.ActiveCfg = Debug|Any CPU
		{DF3DE3B5-B30D-4451-8CDC-C2B026B90CE5}.Ad-Hoc|x86.Build.0 = Debug|Any CPU
		{DF3DE3B5-B30D-4451-8CDC-C2B026B90CE5}.AppStore|Any CPU.ActiveCfg = Debug|Any CPU
		{DF3DE3B5-B30D-4451-8CDC-C2B026B90CE5}.AppStore|Any CPU.Build.0 = Debug|Any CPU
		{DF3DE3B5-B30D-4451-8CDC-C2B026B90CE5}.AppStore|ARM.ActiveCfg = Debug|Any CPU
		{DF3DE3B5-B30D-4451-8CDC-C2B026B90CE5}.AppStore|ARM.Build.0 = Debug|Any CPU
		{DF3DE3B5-B30D-4451-8CDC-C2B026B90CE5}.AppStore|ARM64.ActiveCfg = Debug|Any CPU
		{DF3DE3B5-B30D-4451-8CDC-C2B026B90CE5}.AppStore|ARM64.Build.0 = Debug|Any CPU
		{DF3DE3B5-B30D-4451-8CDC-C2B026B90CE5}.AppStore|iPhone.ActiveCfg = Debug|Any CPU
		{DF3DE3B5-B30D-4451-8CDC-C2B026B90CE5}.AppStore|iPhone.Build.0 = Debug|Any CPU
		{DF3DE3B5-B30D-4451-8CDC-C2B026B90CE5}.AppStore|iPhoneSimulator.ActiveCfg = Debug|Any CPU
		{DF3DE3B5-B30D-4451-8CDC-C2B026B90CE5}.AppStore|iPhoneSimulator.Build.0 = Debug|Any CPU
		{DF3DE3B5-B30D-4451-8CDC-C2B026B90CE5}.AppStore|x64.ActiveCfg = Debug|Any CPU
		{DF3DE3B5-B30D-4451-8CDC-C2B026B90CE5}.AppStore|x64.Build.0 = Debug|Any CPU
		{DF3DE3B5-B30D-4451-8CDC-C2B026B90CE5}.AppStore|x86.ActiveCfg = Debug|Any CPU
		{DF3DE3B5-B30D-4451-8CDC-C2B026B90CE5}.AppStore|x86.Build.0 = Debug|Any CPU
		{DF3DE3B5-B30D-4451-8CDC-C2B026B90CE5}.Debug|Any CPU.ActiveCfg = Debug|Any CPU
		{DF3DE3B5-B30D-4451-8CDC-C2B026B90CE5}.Debug|Any CPU.Build.0 = Debug|Any CPU
		{DF3DE3B5-B30D-4451-8CDC-C2B026B90CE5}.Debug|ARM.ActiveCfg = Debug|Any CPU
		{DF3DE3B5-B30D-4451-8CDC-C2B026B90CE5}.Debug|ARM.Build.0 = Debug|Any CPU
		{DF3DE3B5-B30D-4451-8CDC-C2B026B90CE5}.Debug|ARM64.ActiveCfg = Debug|Any CPU
		{DF3DE3B5-B30D-4451-8CDC-C2B026B90CE5}.Debug|ARM64.Build.0 = Debug|Any CPU
		{DF3DE3B5-B30D-4451-8CDC-C2B026B90CE5}.Debug|iPhone.ActiveCfg = Debug|Any CPU
		{DF3DE3B5-B30D-4451-8CDC-C2B026B90CE5}.Debug|iPhone.Build.0 = Debug|Any CPU
		{DF3DE3B5-B30D-4451-8CDC-C2B026B90CE5}.Debug|iPhoneSimulator.ActiveCfg = Debug|Any CPU
		{DF3DE3B5-B30D-4451-8CDC-C2B026B90CE5}.Debug|iPhoneSimulator.Build.0 = Debug|Any CPU
		{DF3DE3B5-B30D-4451-8CDC-C2B026B90CE5}.Debug|x64.ActiveCfg = Debug|Any CPU
		{DF3DE3B5-B30D-4451-8CDC-C2B026B90CE5}.Debug|x64.Build.0 = Debug|Any CPU
		{DF3DE3B5-B30D-4451-8CDC-C2B026B90CE5}.Debug|x86.ActiveCfg = Debug|Any CPU
		{DF3DE3B5-B30D-4451-8CDC-C2B026B90CE5}.Debug|x86.Build.0 = Debug|Any CPU
		{DF3DE3B5-B30D-4451-8CDC-C2B026B90CE5}.Release|Any CPU.ActiveCfg = Release|Any CPU
		{DF3DE3B5-B30D-4451-8CDC-C2B026B90CE5}.Release|Any CPU.Build.0 = Release|Any CPU
		{DF3DE3B5-B30D-4451-8CDC-C2B026B90CE5}.Release|ARM.ActiveCfg = Release|Any CPU
		{DF3DE3B5-B30D-4451-8CDC-C2B026B90CE5}.Release|ARM.Build.0 = Release|Any CPU
		{DF3DE3B5-B30D-4451-8CDC-C2B026B90CE5}.Release|ARM64.ActiveCfg = Release|Any CPU
		{DF3DE3B5-B30D-4451-8CDC-C2B026B90CE5}.Release|ARM64.Build.0 = Release|Any CPU
		{DF3DE3B5-B30D-4451-8CDC-C2B026B90CE5}.Release|iPhone.ActiveCfg = Release|Any CPU
		{DF3DE3B5-B30D-4451-8CDC-C2B026B90CE5}.Release|iPhone.Build.0 = Release|Any CPU
		{DF3DE3B5-B30D-4451-8CDC-C2B026B90CE5}.Release|iPhoneSimulator.ActiveCfg = Release|Any CPU
		{DF3DE3B5-B30D-4451-8CDC-C2B026B90CE5}.Release|iPhoneSimulator.Build.0 = Release|Any CPU
		{DF3DE3B5-B30D-4451-8CDC-C2B026B90CE5}.Release|x64.ActiveCfg = Release|Any CPU
		{DF3DE3B5-B30D-4451-8CDC-C2B026B90CE5}.Release|x64.Build.0 = Release|Any CPU
		{DF3DE3B5-B30D-4451-8CDC-C2B026B90CE5}.Release|x86.ActiveCfg = Release|Any CPU
		{DF3DE3B5-B30D-4451-8CDC-C2B026B90CE5}.Release|x86.Build.0 = Release|Any CPU
		{266B0067-49EB-4134-8E01-618B79A5254E}.Ad-Hoc|Any CPU.ActiveCfg = Debug|Any CPU
		{266B0067-49EB-4134-8E01-618B79A5254E}.Ad-Hoc|Any CPU.Build.0 = Debug|Any CPU
		{266B0067-49EB-4134-8E01-618B79A5254E}.Ad-Hoc|ARM.ActiveCfg = Debug|Any CPU
		{266B0067-49EB-4134-8E01-618B79A5254E}.Ad-Hoc|ARM.Build.0 = Debug|Any CPU
		{266B0067-49EB-4134-8E01-618B79A5254E}.Ad-Hoc|ARM64.ActiveCfg = Debug|Any CPU
		{266B0067-49EB-4134-8E01-618B79A5254E}.Ad-Hoc|ARM64.Build.0 = Debug|Any CPU
		{266B0067-49EB-4134-8E01-618B79A5254E}.Ad-Hoc|iPhone.ActiveCfg = Debug|Any CPU
		{266B0067-49EB-4134-8E01-618B79A5254E}.Ad-Hoc|iPhone.Build.0 = Debug|Any CPU
		{266B0067-49EB-4134-8E01-618B79A5254E}.Ad-Hoc|iPhoneSimulator.ActiveCfg = Debug|Any CPU
		{266B0067-49EB-4134-8E01-618B79A5254E}.Ad-Hoc|iPhoneSimulator.Build.0 = Debug|Any CPU
		{266B0067-49EB-4134-8E01-618B79A5254E}.Ad-Hoc|x64.ActiveCfg = Debug|Any CPU
		{266B0067-49EB-4134-8E01-618B79A5254E}.Ad-Hoc|x64.Build.0 = Debug|Any CPU
		{266B0067-49EB-4134-8E01-618B79A5254E}.Ad-Hoc|x86.ActiveCfg = Debug|Any CPU
		{266B0067-49EB-4134-8E01-618B79A5254E}.Ad-Hoc|x86.Build.0 = Debug|Any CPU
		{266B0067-49EB-4134-8E01-618B79A5254E}.AppStore|Any CPU.ActiveCfg = Debug|Any CPU
		{266B0067-49EB-4134-8E01-618B79A5254E}.AppStore|Any CPU.Build.0 = Debug|Any CPU
		{266B0067-49EB-4134-8E01-618B79A5254E}.AppStore|ARM.ActiveCfg = Debug|Any CPU
		{266B0067-49EB-4134-8E01-618B79A5254E}.AppStore|ARM.Build.0 = Debug|Any CPU
		{266B0067-49EB-4134-8E01-618B79A5254E}.AppStore|ARM64.ActiveCfg = Debug|Any CPU
		{266B0067-49EB-4134-8E01-618B79A5254E}.AppStore|ARM64.Build.0 = Debug|Any CPU
		{266B0067-49EB-4134-8E01-618B79A5254E}.AppStore|iPhone.ActiveCfg = Debug|Any CPU
		{266B0067-49EB-4134-8E01-618B79A5254E}.AppStore|iPhone.Build.0 = Debug|Any CPU
		{266B0067-49EB-4134-8E01-618B79A5254E}.AppStore|iPhoneSimulator.ActiveCfg = Debug|Any CPU
		{266B0067-49EB-4134-8E01-618B79A5254E}.AppStore|iPhoneSimulator.Build.0 = Debug|Any CPU
		{266B0067-49EB-4134-8E01-618B79A5254E}.AppStore|x64.ActiveCfg = Debug|Any CPU
		{266B0067-49EB-4134-8E01-618B79A5254E}.AppStore|x64.Build.0 = Debug|Any CPU
		{266B0067-49EB-4134-8E01-618B79A5254E}.AppStore|x86.ActiveCfg = Debug|Any CPU
		{266B0067-49EB-4134-8E01-618B79A5254E}.AppStore|x86.Build.0 = Debug|Any CPU
		{266B0067-49EB-4134-8E01-618B79A5254E}.Debug|Any CPU.ActiveCfg = Debug|Any CPU
		{266B0067-49EB-4134-8E01-618B79A5254E}.Debug|Any CPU.Build.0 = Debug|Any CPU
		{266B0067-49EB-4134-8E01-618B79A5254E}.Debug|ARM.ActiveCfg = Debug|Any CPU
		{266B0067-49EB-4134-8E01-618B79A5254E}.Debug|ARM.Build.0 = Debug|Any CPU
		{266B0067-49EB-4134-8E01-618B79A5254E}.Debug|ARM64.ActiveCfg = Debug|Any CPU
		{266B0067-49EB-4134-8E01-618B79A5254E}.Debug|ARM64.Build.0 = Debug|Any CPU
		{266B0067-49EB-4134-8E01-618B79A5254E}.Debug|iPhone.ActiveCfg = Debug|Any CPU
		{266B0067-49EB-4134-8E01-618B79A5254E}.Debug|iPhone.Build.0 = Debug|Any CPU
		{266B0067-49EB-4134-8E01-618B79A5254E}.Debug|iPhoneSimulator.ActiveCfg = Debug|Any CPU
		{266B0067-49EB-4134-8E01-618B79A5254E}.Debug|iPhoneSimulator.Build.0 = Debug|Any CPU
		{266B0067-49EB-4134-8E01-618B79A5254E}.Debug|x64.ActiveCfg = Debug|Any CPU
		{266B0067-49EB-4134-8E01-618B79A5254E}.Debug|x64.Build.0 = Debug|Any CPU
		{266B0067-49EB-4134-8E01-618B79A5254E}.Debug|x86.ActiveCfg = Debug|Any CPU
		{266B0067-49EB-4134-8E01-618B79A5254E}.Debug|x86.Build.0 = Debug|Any CPU
		{266B0067-49EB-4134-8E01-618B79A5254E}.Release|Any CPU.ActiveCfg = Release|Any CPU
		{266B0067-49EB-4134-8E01-618B79A5254E}.Release|Any CPU.Build.0 = Release|Any CPU
		{266B0067-49EB-4134-8E01-618B79A5254E}.Release|ARM.ActiveCfg = Release|Any CPU
		{266B0067-49EB-4134-8E01-618B79A5254E}.Release|ARM.Build.0 = Release|Any CPU
		{266B0067-49EB-4134-8E01-618B79A5254E}.Release|ARM64.ActiveCfg = Release|Any CPU
		{266B0067-49EB-4134-8E01-618B79A5254E}.Release|ARM64.Build.0 = Release|Any CPU
		{266B0067-49EB-4134-8E01-618B79A5254E}.Release|iPhone.ActiveCfg = Release|Any CPU
		{266B0067-49EB-4134-8E01-618B79A5254E}.Release|iPhone.Build.0 = Release|Any CPU
		{266B0067-49EB-4134-8E01-618B79A5254E}.Release|iPhoneSimulator.ActiveCfg = Release|Any CPU
		{266B0067-49EB-4134-8E01-618B79A5254E}.Release|iPhoneSimulator.Build.0 = Release|Any CPU
		{266B0067-49EB-4134-8E01-618B79A5254E}.Release|x64.ActiveCfg = Release|Any CPU
		{266B0067-49EB-4134-8E01-618B79A5254E}.Release|x64.Build.0 = Release|Any CPU
		{266B0067-49EB-4134-8E01-618B79A5254E}.Release|x86.ActiveCfg = Release|Any CPU
		{266B0067-49EB-4134-8E01-618B79A5254E}.Release|x86.Build.0 = Release|Any CPU
		{9ECCE271-ED2B-4DE3-B6D1-A546914B4444}.Ad-Hoc|Any CPU.ActiveCfg = Debug|Any CPU
		{9ECCE271-ED2B-4DE3-B6D1-A546914B4444}.Ad-Hoc|Any CPU.Build.0 = Debug|Any CPU
		{9ECCE271-ED2B-4DE3-B6D1-A546914B4444}.Ad-Hoc|ARM.ActiveCfg = Debug|Any CPU
		{9ECCE271-ED2B-4DE3-B6D1-A546914B4444}.Ad-Hoc|ARM.Build.0 = Debug|Any CPU
		{9ECCE271-ED2B-4DE3-B6D1-A546914B4444}.Ad-Hoc|ARM64.ActiveCfg = Debug|Any CPU
		{9ECCE271-ED2B-4DE3-B6D1-A546914B4444}.Ad-Hoc|ARM64.Build.0 = Debug|Any CPU
		{9ECCE271-ED2B-4DE3-B6D1-A546914B4444}.Ad-Hoc|iPhone.ActiveCfg = Debug|Any CPU
		{9ECCE271-ED2B-4DE3-B6D1-A546914B4444}.Ad-Hoc|iPhone.Build.0 = Debug|Any CPU
		{9ECCE271-ED2B-4DE3-B6D1-A546914B4444}.Ad-Hoc|iPhoneSimulator.ActiveCfg = Debug|Any CPU
		{9ECCE271-ED2B-4DE3-B6D1-A546914B4444}.Ad-Hoc|iPhoneSimulator.Build.0 = Debug|Any CPU
		{9ECCE271-ED2B-4DE3-B6D1-A546914B4444}.Ad-Hoc|x64.ActiveCfg = Debug|Any CPU
		{9ECCE271-ED2B-4DE3-B6D1-A546914B4444}.Ad-Hoc|x64.Build.0 = Debug|Any CPU
		{9ECCE271-ED2B-4DE3-B6D1-A546914B4444}.Ad-Hoc|x86.ActiveCfg = Debug|Any CPU
		{9ECCE271-ED2B-4DE3-B6D1-A546914B4444}.Ad-Hoc|x86.Build.0 = Debug|Any CPU
		{9ECCE271-ED2B-4DE3-B6D1-A546914B4444}.AppStore|Any CPU.ActiveCfg = Debug|Any CPU
		{9ECCE271-ED2B-4DE3-B6D1-A546914B4444}.AppStore|Any CPU.Build.0 = Debug|Any CPU
		{9ECCE271-ED2B-4DE3-B6D1-A546914B4444}.AppStore|ARM.ActiveCfg = Debug|Any CPU
		{9ECCE271-ED2B-4DE3-B6D1-A546914B4444}.AppStore|ARM.Build.0 = Debug|Any CPU
		{9ECCE271-ED2B-4DE3-B6D1-A546914B4444}.AppStore|ARM64.ActiveCfg = Debug|Any CPU
		{9ECCE271-ED2B-4DE3-B6D1-A546914B4444}.AppStore|ARM64.Build.0 = Debug|Any CPU
		{9ECCE271-ED2B-4DE3-B6D1-A546914B4444}.AppStore|iPhone.ActiveCfg = Debug|Any CPU
		{9ECCE271-ED2B-4DE3-B6D1-A546914B4444}.AppStore|iPhone.Build.0 = Debug|Any CPU
		{9ECCE271-ED2B-4DE3-B6D1-A546914B4444}.AppStore|iPhoneSimulator.ActiveCfg = Debug|Any CPU
		{9ECCE271-ED2B-4DE3-B6D1-A546914B4444}.AppStore|iPhoneSimulator.Build.0 = Debug|Any CPU
		{9ECCE271-ED2B-4DE3-B6D1-A546914B4444}.AppStore|x64.ActiveCfg = Debug|Any CPU
		{9ECCE271-ED2B-4DE3-B6D1-A546914B4444}.AppStore|x64.Build.0 = Debug|Any CPU
		{9ECCE271-ED2B-4DE3-B6D1-A546914B4444}.AppStore|x86.ActiveCfg = Debug|Any CPU
		{9ECCE271-ED2B-4DE3-B6D1-A546914B4444}.AppStore|x86.Build.0 = Debug|Any CPU
		{9ECCE271-ED2B-4DE3-B6D1-A546914B4444}.Debug|Any CPU.ActiveCfg = Debug|Any CPU
		{9ECCE271-ED2B-4DE3-B6D1-A546914B4444}.Debug|Any CPU.Build.0 = Debug|Any CPU
		{9ECCE271-ED2B-4DE3-B6D1-A546914B4444}.Debug|ARM.ActiveCfg = Debug|Any CPU
		{9ECCE271-ED2B-4DE3-B6D1-A546914B4444}.Debug|ARM.Build.0 = Debug|Any CPU
		{9ECCE271-ED2B-4DE3-B6D1-A546914B4444}.Debug|ARM64.ActiveCfg = Debug|Any CPU
		{9ECCE271-ED2B-4DE3-B6D1-A546914B4444}.Debug|ARM64.Build.0 = Debug|Any CPU
		{9ECCE271-ED2B-4DE3-B6D1-A546914B4444}.Debug|iPhone.ActiveCfg = Debug|Any CPU
		{9ECCE271-ED2B-4DE3-B6D1-A546914B4444}.Debug|iPhone.Build.0 = Debug|Any CPU
		{9ECCE271-ED2B-4DE3-B6D1-A546914B4444}.Debug|iPhoneSimulator.ActiveCfg = Debug|Any CPU
		{9ECCE271-ED2B-4DE3-B6D1-A546914B4444}.Debug|iPhoneSimulator.Build.0 = Debug|Any CPU
		{9ECCE271-ED2B-4DE3-B6D1-A546914B4444}.Debug|x64.ActiveCfg = Debug|Any CPU
		{9ECCE271-ED2B-4DE3-B6D1-A546914B4444}.Debug|x64.Build.0 = Debug|Any CPU
		{9ECCE271-ED2B-4DE3-B6D1-A546914B4444}.Debug|x86.ActiveCfg = Debug|Any CPU
		{9ECCE271-ED2B-4DE3-B6D1-A546914B4444}.Debug|x86.Build.0 = Debug|Any CPU
		{9ECCE271-ED2B-4DE3-B6D1-A546914B4444}.Release|Any CPU.ActiveCfg = Release|Any CPU
		{9ECCE271-ED2B-4DE3-B6D1-A546914B4444}.Release|Any CPU.Build.0 = Release|Any CPU
		{9ECCE271-ED2B-4DE3-B6D1-A546914B4444}.Release|ARM.ActiveCfg = Release|Any CPU
		{9ECCE271-ED2B-4DE3-B6D1-A546914B4444}.Release|ARM.Build.0 = Release|Any CPU
		{9ECCE271-ED2B-4DE3-B6D1-A546914B4444}.Release|ARM64.ActiveCfg = Release|Any CPU
		{9ECCE271-ED2B-4DE3-B6D1-A546914B4444}.Release|ARM64.Build.0 = Release|Any CPU
		{9ECCE271-ED2B-4DE3-B6D1-A546914B4444}.Release|iPhone.ActiveCfg = Release|Any CPU
		{9ECCE271-ED2B-4DE3-B6D1-A546914B4444}.Release|iPhone.Build.0 = Release|Any CPU
		{9ECCE271-ED2B-4DE3-B6D1-A546914B4444}.Release|iPhoneSimulator.ActiveCfg = Release|Any CPU
		{9ECCE271-ED2B-4DE3-B6D1-A546914B4444}.Release|iPhoneSimulator.Build.0 = Release|Any CPU
		{9ECCE271-ED2B-4DE3-B6D1-A546914B4444}.Release|x64.ActiveCfg = Release|Any CPU
		{9ECCE271-ED2B-4DE3-B6D1-A546914B4444}.Release|x64.Build.0 = Release|Any CPU
		{9ECCE271-ED2B-4DE3-B6D1-A546914B4444}.Release|x86.ActiveCfg = Release|Any CPU
		{9ECCE271-ED2B-4DE3-B6D1-A546914B4444}.Release|x86.Build.0 = Release|Any CPU
		{40628A73-754B-4780-827B-B4D76FCAC7E2}.Ad-Hoc|Any CPU.ActiveCfg = Debug|Any CPU
		{40628A73-754B-4780-827B-B4D76FCAC7E2}.Ad-Hoc|Any CPU.Build.0 = Debug|Any CPU
		{40628A73-754B-4780-827B-B4D76FCAC7E2}.Ad-Hoc|ARM.ActiveCfg = Debug|Any CPU
		{40628A73-754B-4780-827B-B4D76FCAC7E2}.Ad-Hoc|ARM.Build.0 = Debug|Any CPU
		{40628A73-754B-4780-827B-B4D76FCAC7E2}.Ad-Hoc|ARM64.ActiveCfg = Debug|Any CPU
		{40628A73-754B-4780-827B-B4D76FCAC7E2}.Ad-Hoc|ARM64.Build.0 = Debug|Any CPU
		{40628A73-754B-4780-827B-B4D76FCAC7E2}.Ad-Hoc|iPhone.ActiveCfg = Debug|Any CPU
		{40628A73-754B-4780-827B-B4D76FCAC7E2}.Ad-Hoc|iPhone.Build.0 = Debug|Any CPU
		{40628A73-754B-4780-827B-B4D76FCAC7E2}.Ad-Hoc|iPhoneSimulator.ActiveCfg = Debug|Any CPU
		{40628A73-754B-4780-827B-B4D76FCAC7E2}.Ad-Hoc|iPhoneSimulator.Build.0 = Debug|Any CPU
		{40628A73-754B-4780-827B-B4D76FCAC7E2}.Ad-Hoc|x64.ActiveCfg = Debug|Any CPU
		{40628A73-754B-4780-827B-B4D76FCAC7E2}.Ad-Hoc|x64.Build.0 = Debug|Any CPU
		{40628A73-754B-4780-827B-B4D76FCAC7E2}.Ad-Hoc|x86.ActiveCfg = Debug|Any CPU
		{40628A73-754B-4780-827B-B4D76FCAC7E2}.Ad-Hoc|x86.Build.0 = Debug|Any CPU
		{40628A73-754B-4780-827B-B4D76FCAC7E2}.AppStore|Any CPU.ActiveCfg = Debug|Any CPU
		{40628A73-754B-4780-827B-B4D76FCAC7E2}.AppStore|Any CPU.Build.0 = Debug|Any CPU
		{40628A73-754B-4780-827B-B4D76FCAC7E2}.AppStore|ARM.ActiveCfg = Debug|Any CPU
		{40628A73-754B-4780-827B-B4D76FCAC7E2}.AppStore|ARM.Build.0 = Debug|Any CPU
		{40628A73-754B-4780-827B-B4D76FCAC7E2}.AppStore|ARM64.ActiveCfg = Debug|Any CPU
		{40628A73-754B-4780-827B-B4D76FCAC7E2}.AppStore|ARM64.Build.0 = Debug|Any CPU
		{40628A73-754B-4780-827B-B4D76FCAC7E2}.AppStore|iPhone.ActiveCfg = Debug|Any CPU
		{40628A73-754B-4780-827B-B4D76FCAC7E2}.AppStore|iPhone.Build.0 = Debug|Any CPU
		{40628A73-754B-4780-827B-B4D76FCAC7E2}.AppStore|iPhoneSimulator.ActiveCfg = Debug|Any CPU
		{40628A73-754B-4780-827B-B4D76FCAC7E2}.AppStore|iPhoneSimulator.Build.0 = Debug|Any CPU
		{40628A73-754B-4780-827B-B4D76FCAC7E2}.AppStore|x64.ActiveCfg = Debug|Any CPU
		{40628A73-754B-4780-827B-B4D76FCAC7E2}.AppStore|x64.Build.0 = Debug|Any CPU
		{40628A73-754B-4780-827B-B4D76FCAC7E2}.AppStore|x86.ActiveCfg = Debug|Any CPU
		{40628A73-754B-4780-827B-B4D76FCAC7E2}.AppStore|x86.Build.0 = Debug|Any CPU
		{40628A73-754B-4780-827B-B4D76FCAC7E2}.Debug|Any CPU.ActiveCfg = Debug|Any CPU
		{40628A73-754B-4780-827B-B4D76FCAC7E2}.Debug|Any CPU.Build.0 = Debug|Any CPU
		{40628A73-754B-4780-827B-B4D76FCAC7E2}.Debug|ARM.ActiveCfg = Debug|Any CPU
		{40628A73-754B-4780-827B-B4D76FCAC7E2}.Debug|ARM.Build.0 = Debug|Any CPU
		{40628A73-754B-4780-827B-B4D76FCAC7E2}.Debug|ARM64.ActiveCfg = Debug|Any CPU
		{40628A73-754B-4780-827B-B4D76FCAC7E2}.Debug|ARM64.Build.0 = Debug|Any CPU
		{40628A73-754B-4780-827B-B4D76FCAC7E2}.Debug|iPhone.ActiveCfg = Debug|Any CPU
		{40628A73-754B-4780-827B-B4D76FCAC7E2}.Debug|iPhone.Build.0 = Debug|Any CPU
		{40628A73-754B-4780-827B-B4D76FCAC7E2}.Debug|iPhoneSimulator.ActiveCfg = Debug|Any CPU
		{40628A73-754B-4780-827B-B4D76FCAC7E2}.Debug|iPhoneSimulator.Build.0 = Debug|Any CPU
		{40628A73-754B-4780-827B-B4D76FCAC7E2}.Debug|x64.ActiveCfg = Debug|Any CPU
		{40628A73-754B-4780-827B-B4D76FCAC7E2}.Debug|x64.Build.0 = Debug|Any CPU
		{40628A73-754B-4780-827B-B4D76FCAC7E2}.Debug|x86.ActiveCfg = Debug|Any CPU
		{40628A73-754B-4780-827B-B4D76FCAC7E2}.Debug|x86.Build.0 = Debug|Any CPU
		{40628A73-754B-4780-827B-B4D76FCAC7E2}.Release|Any CPU.ActiveCfg = Release|Any CPU
		{40628A73-754B-4780-827B-B4D76FCAC7E2}.Release|Any CPU.Build.0 = Release|Any CPU
		{40628A73-754B-4780-827B-B4D76FCAC7E2}.Release|ARM.ActiveCfg = Release|Any CPU
		{40628A73-754B-4780-827B-B4D76FCAC7E2}.Release|ARM.Build.0 = Release|Any CPU
		{40628A73-754B-4780-827B-B4D76FCAC7E2}.Release|ARM64.ActiveCfg = Release|Any CPU
		{40628A73-754B-4780-827B-B4D76FCAC7E2}.Release|ARM64.Build.0 = Release|Any CPU
		{40628A73-754B-4780-827B-B4D76FCAC7E2}.Release|iPhone.ActiveCfg = Release|Any CPU
		{40628A73-754B-4780-827B-B4D76FCAC7E2}.Release|iPhone.Build.0 = Release|Any CPU
		{40628A73-754B-4780-827B-B4D76FCAC7E2}.Release|iPhoneSimulator.ActiveCfg = Release|Any CPU
		{40628A73-754B-4780-827B-B4D76FCAC7E2}.Release|iPhoneSimulator.Build.0 = Release|Any CPU
		{40628A73-754B-4780-827B-B4D76FCAC7E2}.Release|x64.ActiveCfg = Release|Any CPU
		{40628A73-754B-4780-827B-B4D76FCAC7E2}.Release|x64.Build.0 = Release|Any CPU
		{40628A73-754B-4780-827B-B4D76FCAC7E2}.Release|x86.ActiveCfg = Release|Any CPU
		{40628A73-754B-4780-827B-B4D76FCAC7E2}.Release|x86.Build.0 = Release|Any CPU
	EndGlobalSection
	GlobalSection(SolutionProperties) = preSolution
		HideSolutionNode = FALSE
	EndGlobalSection
	GlobalSection(NestedProjects) = preSolution
		{67149923-69A4-4A44-B2AF-33DEE3E33214} = {8FFBD903-F6BD-40F7-AF1C-6A884EA6F4BE}
		{0050E77B-3AA4-447C-A505-C43A8AA7F4D5} = {8FFBD903-F6BD-40F7-AF1C-6A884EA6F4BE}
		{EDA7CEBB-5C8E-46C0-A45A-327E684F8BDB} = {8FFBD903-F6BD-40F7-AF1C-6A884EA6F4BE}
		{513471FD-C7BE-4CDF-B458-621CB3C5ECF1} = {8FFBD903-F6BD-40F7-AF1C-6A884EA6F4BE}
		{B303FC37-BE26-42DD-BFAE-FE4391912973} = {8FFBD903-F6BD-40F7-AF1C-6A884EA6F4BE}
		{DF3DE3B5-B30D-4451-8CDC-C2B026B90CE5} = {8FFBD903-F6BD-40F7-AF1C-6A884EA6F4BE}
		{266B0067-49EB-4134-8E01-618B79A5254E} = {8FFBD903-F6BD-40F7-AF1C-6A884EA6F4BE}
		{9ECCE271-ED2B-4DE3-B6D1-A546914B4444} = {8FFBD903-F6BD-40F7-AF1C-6A884EA6F4BE}
		{40628A73-754B-4780-827B-B4D76FCAC7E2} = {8FFBD903-F6BD-40F7-AF1C-6A884EA6F4BE}
	EndGlobalSection
	GlobalSection(ExtensibilityGlobals) = postSolution
		SolutionGuid = {7759DE8B-EDA0-41DD-B8E2-96D18B8D4FEB}
	EndGlobalSection
EndGlobal
